
Microsoft Visual Studio Solution File, Format Version 12.00
# Visual Studio Version 17
VisualStudioVersion = 17.5.33414.496
MinimumVisualStudioVersion = 10.0.40219.1
Project("{9A19103F-16F7-4668-BE54-9A1E7A4F7556}") = "Ordering.Infrastructure", "Ordering.Infrastructure\Ordering.Infrastructure.csproj", "{4BF3E3E4-31F7-4637-89DE-EA56FDD3386F}"
EndProject
Project("{9A19103F-16F7-4668-BE54-9A1E7A4F7556}") = "Ordering.Domain", "Ordering.Domain\Ordering.Domain.csproj", "{4CCD2846-E432-4778-82C9-A21F161F4E7B}"
EndProject
Project("{9A19103F-16F7-4668-BE54-9A1E7A4F7556}") = "Ordering.UnitTests", "Ordering.UnitTests\Ordering.UnitTests.csproj", "{16EDDBB6-0441-4715-A609-4F7CB7E35D64}"
EndProject
Project("{9A19103F-16F7-4668-BE54-9A1E7A4F7556}") = "Ordering.API", "Ordering.API\Ordering.API.csproj", "{14AD3ACF-0CB7-4013-A024-D51101D0BF9C}"
EndProject
Global
	GlobalSection(SolutionConfigurationPlatforms) = preSolution
		Debug|Any CPU = Debug|Any CPU
		Release|Any CPU = Release|Any CPU
	EndGlobalSection
	GlobalSection(ProjectConfigurationPlatforms) = postSolution
		{4BF3E3E4-31F7-4637-89DE-EA56FDD3386F}.Debug|Any CPU.ActiveCfg = Debug|Any CPU
		{4BF3E3E4-31F7-4637-89DE-EA56FDD3386F}.Debug|Any CPU.Build.0 = Debug|Any CPU
		{4BF3E3E4-31F7-4637-89DE-EA56FDD3386F}.Release|Any CPU.ActiveCfg = Release|Any CPU
		{4BF3E3E4-31F7-4637-89DE-EA56FDD3386F}.Release|Any CPU.Build.0 = Release|Any CPU
		{4CCD2846-E432-4778-82C9-A21F161F4E7B}.Debug|Any CPU.ActiveCfg = Debug|Any CPU
		{4CCD2846-E432-4778-82C9-A21F161F4E7B}.Debug|Any CPU.Build.0 = Debug|Any CPU
		{4CCD2846-E432-4778-82C9-A21F161F4E7B}.Release|Any CPU.ActiveCfg = Release|Any CPU
		{4CCD2846-E432-4778-82C9-A21F161F4E7B}.Release|Any CPU.Build.0 = Release|Any CPU
		{16EDDBB6-0441-4715-A609-4F7CB7E35D64}.Debug|Any CPU.ActiveCfg = Debug|Any CPU
		{16EDDBB6-0441-4715-A609-4F7CB7E35D64}.Debug|Any CPU.Build.0 = Debug|Any CPU
		{16EDDBB6-0441-4715-A609-4F7CB7E35D64}.Release|Any CPU.ActiveCfg = Release|Any CPU
		{16EDDBB6-0441-4715-A609-4F7CB7E35D64}.Release|Any CPU.Build.0 = Release|Any CPU
		{14AD3ACF-0CB7-4013-A024-D51101D0BF9C}.Debug|Any CPU.ActiveCfg = Debug|Any CPU
		{14AD3ACF-0CB7-4013-A024-D51101D0BF9C}.Debug|Any CPU.Build.0 = Debug|Any CPU
		{14AD3ACF-0CB7-4013-A024-D51101D0BF9C}.Release|Any CPU.ActiveCfg = Release|Any CPU
		{14AD3ACF-0CB7-4013-A024-D51101D0BF9C}.Release|Any CPU.Build.0 = Release|Any CPU
	EndGlobalSection
	GlobalSection(SolutionProperties) = preSolution
		HideSolutionNode = FALSE
	EndGlobalSection
	GlobalSection(ExtensibilityGlobals) = postSolution
		SolutionGuid = {54DC75FC-DF0A-4941-97EE-64657CCB95E3}
	EndGlobalSection
EndGlobal
