
Microsoft Visual Studio Solution File, Format Version 12.00
# Visual Studio Version 17
VisualStudioVersion = 17.5.33414.496
MinimumVisualStudioVersion = 10.0.40219.1
Project("{FAE04EC0-301F-11D3-BF4B-00C04F79EFBC}") = "Ordering.Infrastructure", "Ordering.Infrastructure\Ordering.Infrastructure.csproj", "{4BF3E3E4-31F7-4637-89DE-EA56FDD3386F}"
EndProject
Global
	GlobalSection(SolutionConfigurationPlatforms) = preSolution
		Debug|Any CPU = Debug|Any CPU
		Release|Any CPU = Release|Any CPU
	EndGlobalSection
	GlobalSection(ProjectConfigurationPlatforms) = postSolution
		{4BF3E3E4-31F7-4637-89DE-EA56FDD3386F}.Debug|Any CPU.ActiveCfg = Debug|Any CPU
		{4BF3E3E4-31F7-4637-89DE-EA56FDD3386F}.Debug|Any CPU.Build.0 = Debug|Any CPU
		{4BF3E3E4-31F7-4637-89DE-EA56FDD3386F}.Release|Any CPU.ActiveCfg = Release|Any CPU
		{4BF3E3E4-31F7-4637-89DE-EA56FDD3386F}.Release|Any CPU.Build.0 = Release|Any CPU
	EndGlobalSection
	GlobalSection(SolutionProperties) = preSolution
		HideSolutionNode = FALSE
	EndGlobalSection
	GlobalSection(ExtensibilityGlobals) = postSolution
		SolutionGuid = {54DC75FC-DF0A-4941-97EE-64657CCB95E3}
	EndGlobalSection
EndGlobal
